
Microsoft Visual Studio Solution File, Format Version 12.00
# Visual Studio Version 17
VisualStudioVersion = 17.1.31903.286
MinimumVisualStudioVersion = 10.0.40219.1
Project("{9A19103F-16F7-4668-BE54-9A1E7A4F7556}") = "ASIOSoundboard", "ASIOSoundboard\ASIOSoundboard.csproj", "{51A932FA-8F06-4ED3-AAAE-8EC698C8A571}"
EndProject
Global
	GlobalSection(SolutionConfigurationPlatforms) = preSolution
		Debug|Any CPU = Debug|Any CPU
		Release|Any CPU = Release|Any CPU
	EndGlobalSection
	GlobalSection(ProjectConfigurationPlatforms) = postSolution
		{51A932FA-8F06-4ED3-AAAE-8EC698C8A571}.Debug|Any CPU.ActiveCfg = Debug|Any CPU
		{51A932FA-8F06-4ED3-AAAE-8EC698C8A571}.Debug|Any CPU.Build.0 = Debug|Any CPU
		{51A932FA-8F06-4ED3-AAAE-8EC698C8A571}.Release|Any CPU.ActiveCfg = Release|Any CPU
		{51A932FA-8F06-4ED3-AAAE-8EC698C8A571}.Release|Any CPU.Build.0 = Release|Any CPU
	EndGlobalSection
	GlobalSection(SolutionProperties) = preSolution
		HideSolutionNode = FALSE
	EndGlobalSection
	GlobalSection(ExtensibilityGlobals) = postSolution
		SolutionGuid = {F917FDC3-98A3-402A-BE31-21DB07E25FB9}
	EndGlobalSection
EndGlobal
